
Microsoft Visual Studio Solution File, Format Version 12.00
# Visual Studio Version 16
VisualStudioVersion = 16.0.30621.155
MinimumVisualStudioVersion = 10.0.40219.1
Project("{FAE04EC0-301F-11D3-BF4B-00C04F79EFBC}") = "WindowsFormsApp23", "WindowsFormsApp23.csproj", "{47DB2C24-29CF-4FE0-B4D0-04D2F5EAC8FE}"
EndProject
Global
	GlobalSection(SolutionConfigurationPlatforms) = preSolution
		Debug|Any CPU = Debug|Any CPU
		Release|Any CPU = Release|Any CPU
	EndGlobalSection
	GlobalSection(ProjectConfigurationPlatforms) = postSolution
		{47DB2C24-29CF-4FE0-B4D0-04D2F5EAC8FE}.Debug|Any CPU.ActiveCfg = Debug|Any CPU
		{47DB2C24-29CF-4FE0-B4D0-04D2F5EAC8FE}.Debug|Any CPU.Build.0 = Debug|Any CPU
		{47DB2C24-29CF-4FE0-B4D0-04D2F5EAC8FE}.Release|Any CPU.ActiveCfg = Release|Any CPU
		{47DB2C24-29CF-4FE0-B4D0-04D2F5EAC8FE}.Release|Any CPU.Build.0 = Release|Any CPU
	EndGlobalSection
	GlobalSection(SolutionProperties) = preSolution
		HideSolutionNode = FALSE
	EndGlobalSection
	GlobalSection(ExtensibilityGlobals) = postSolution
		SolutionGuid = {CC4A494E-260C-4204-837D-7F2E6472796C}
	EndGlobalSection
EndGlobal
